
Microsoft Visual Studio Solution File, Format Version 12.00
# Visual Studio Version 16
VisualStudioVersion = 16.0.29911.84
MinimumVisualStudioVersion = 10.0.40219.1
Project("{FAE04EC0-301F-11D3-BF4B-00C04F79EFBC}") = "IEnumerableDemo", "IEnumerableDemo\IEnumerableDemo.csproj", "{A7291235-833F-4647-8F9D-8759FF66A515}"
EndProject
Global
	GlobalSection(SolutionConfigurationPlatforms) = preSolution
		Debug|Any CPU = Debug|Any CPU
		Release|Any CPU = Release|Any CPU
	EndGlobalSection
	GlobalSection(ProjectConfigurationPlatforms) = postSolution
		{A7291235-833F-4647-8F9D-8759FF66A515}.Debug|Any CPU.ActiveCfg = Debug|Any CPU
		{A7291235-833F-4647-8F9D-8759FF66A515}.Debug|Any CPU.Build.0 = Debug|Any CPU
		{A7291235-833F-4647-8F9D-8759FF66A515}.Release|Any CPU.ActiveCfg = Release|Any CPU
		{A7291235-833F-4647-8F9D-8759FF66A515}.Release|Any CPU.Build.0 = Release|Any CPU
	EndGlobalSection
	GlobalSection(SolutionProperties) = preSolution
		HideSolutionNode = FALSE
	EndGlobalSection
	GlobalSection(ExtensibilityGlobals) = postSolution
		SolutionGuid = {2A5EC771-F8DD-4B2F-88D9-FEF57C957461}
	EndGlobalSection
EndGlobal
